// !$*UTF8*$!
{
	archiveVersion = 1;
	classes = {
	};
	objectVersion = 46;
	objects = {

/* Begin PBXBuildFile section */
		5B2534621A72BC3000384E69 /* KeyboardLetterLayer.m in Sources */ = {isa = PBXBuildFile; fileRef = 5B2534611A72BC3000384E69 /* KeyboardLetterLayer.m */; };
		5B537E891A73255C0006AEF8 /* DeleteKeyController.m in Sources */ = {isa = PBXBuildFile; fileRef = 5B537E881A73255C0006AEF8 /* DeleteKeyController.m */; };
		5B537E8C1A732BFA0006AEF8 /* ShiftSymbolsKeyController.m in Sources */ = {isa = PBXBuildFile; fileRef = 5B537E8B1A732BFA0006AEF8 /* ShiftSymbolsKeyController.m */; };
		8E7662CA1A701D4F006410E7 /* LetterView.m in Sources */ = {isa = PBXBuildFile; fileRef = 8E7662C91A701D4F006410E7 /* LetterView.m */; };
		8E7662D61A71F61C006410E7 /* KeyboardKeysController.m in Sources */ = {isa = PBXBuildFile; fileRef = 8E7662D51A71F61C006410E7 /* KeyboardKeysController.m */; };
		8E7662D91A71F7BA006410E7 /* KeyboardAuxiliaryController.m in Sources */ = {isa = PBXBuildFile; fileRef = 8E7662D81A71F7BA006410E7 /* KeyboardAuxiliaryController.m */; };
		8E7662DC1A71FF43006410E7 /* KeyboardKeysUtility.m in Sources */ = {isa = PBXBuildFile; fileRef = 8E7662DB1A71FF43006410E7 /* KeyboardKeysUtility.m */; };
		8E7662E81A72212A006410E7 /* LetterViewCollection.m in Sources */ = {isa = PBXBuildFile; fileRef = 8E7662E71A72212A006410E7 /* LetterViewCollection.m */; };
		8EDFB7CA1A6B6BBA000AD00A /* main.m in Sources */ = {isa = PBXBuildFile; fileRef = 8EDFB7C91A6B6BBA000AD00A /* main.m */; };
		8EDFB7CD1A6B6BBA000AD00A /* AppDelegate.m in Sources */ = {isa = PBXBuildFile; fileRef = 8EDFB7CC1A6B6BBA000AD00A /* AppDelegate.m */; };
		8EDFB7D51A6B6BBA000AD00A /* Images.xcassets in Resources */ = {isa = PBXBuildFile; fileRef = 8EDFB7D41A6B6BBA000AD00A /* Images.xcassets */; };
		8EDFB7D81A6B6BBA000AD00A /* LaunchScreen.xib in Resources */ = {isa = PBXBuildFile; fileRef = 8EDFB7D61A6B6BBA000AD00A /* LaunchScreen.xib */; };
		8EDFB7E41A6B6BBA000AD00A /* SoundBoardTests.m in Sources */ = {isa = PBXBuildFile; fileRef = 8EDFB7E31A6B6BBA000AD00A /* SoundBoardTests.m */; };
		8EDFB7F01A6B6BFE000AD00A /* HomeViewController.m in Sources */ = {isa = PBXBuildFile; fileRef = 8EDFB7EE1A6B6BFE000AD00A /* HomeViewController.m */; };
		8EDFB7F11A6B6BFE000AD00A /* HomeViewController.xib in Resources */ = {isa = PBXBuildFile; fileRef = 8EDFB7EF1A6B6BFE000AD00A /* HomeViewController.xib */; };
		8EDFB7FC1A6B6E9F000AD00A /* KeyboardViewController.m in Sources */ = {isa = PBXBuildFile; fileRef = 8EDFB7FB1A6B6E9F000AD00A /* KeyboardViewController.m */; };
		8EDFB7FF1A6B6E9F000AD00A /* CustomKeyboard.appex in Embed App Extensions */ = {isa = PBXBuildFile; fileRef = 8EDFB7F61A6B6E9F000AD00A /* CustomKeyboard.appex */; settings = {ATTRIBUTES = (RemoveHeadersOnCopy, ); }; };
/* End PBXBuildFile section */

/* Begin PBXContainerItemProxy section */
		8EDFB7DE1A6B6BBA000AD00A /* PBXContainerItemProxy */ = {
			isa = PBXContainerItemProxy;
			containerPortal = 8EDFB7BC1A6B6BBA000AD00A /* Project object */;
			proxyType = 1;
			remoteGlobalIDString = 8EDFB7C31A6B6BBA000AD00A;
			remoteInfo = SoundBoard;
		};
		8EDFB7FD1A6B6E9F000AD00A /* PBXContainerItemProxy */ = {
			isa = PBXContainerItemProxy;
			containerPortal = 8EDFB7BC1A6B6BBA000AD00A /* Project object */;
			proxyType = 1;
			remoteGlobalIDString = 8EDFB7F51A6B6E9F000AD00A;
			remoteInfo = CustomKeyboard;
		};
/* End PBXContainerItemProxy section */

/* Begin PBXCopyFilesBuildPhase section */
		8EDFB8031A6B6E9F000AD00A /* Embed App Extensions */ = {
			isa = PBXCopyFilesBuildPhase;
			buildActionMask = 2147483647;
			dstPath = "";
			dstSubfolderSpec = 13;
			files = (
				8EDFB7FF1A6B6E9F000AD00A /* CustomKeyboard.appex in Embed App Extensions */,
			);
			name = "Embed App Extensions";
			runOnlyForDeploymentPostprocessing = 0;
		};
/* End PBXCopyFilesBuildPhase section */

/* Begin PBXFileReference section */
		5B2534601A72BC3000384E69 /* KeyboardLetterLayer.h */ = {isa = PBXFileReference; fileEncoding = 4; lastKnownFileType = sourcecode.c.h; path = KeyboardLetterLayer.h; sourceTree = "<group>"; };
		5B2534611A72BC3000384E69 /* KeyboardLetterLayer.m */ = {isa = PBXFileReference; fileEncoding = 4; lastKnownFileType = sourcecode.c.objc; path = KeyboardLetterLayer.m; sourceTree = "<group>"; };
		5B537E871A73255C0006AEF8 /* DeleteKeyController.h */ = {isa = PBXFileReference; fileEncoding = 4; lastKnownFileType = sourcecode.c.h; path = DeleteKeyController.h; sourceTree = "<group>"; };
		5B537E881A73255C0006AEF8 /* DeleteKeyController.m */ = {isa = PBXFileReference; fileEncoding = 4; lastKnownFileType = sourcecode.c.objc; path = DeleteKeyController.m; sourceTree = "<group>"; };
		5B537E8A1A732BFA0006AEF8 /* ShiftSymbolsKeyController.h */ = {isa = PBXFileReference; fileEncoding = 4; lastKnownFileType = sourcecode.c.h; path = ShiftSymbolsKeyController.h; sourceTree = "<group>"; };
		5B537E8B1A732BFA0006AEF8 /* ShiftSymbolsKeyController.m */ = {isa = PBXFileReference; fileEncoding = 4; lastKnownFileType = sourcecode.c.objc; path = ShiftSymbolsKeyController.m; sourceTree = "<group>"; };
		8E7662C81A701D4F006410E7 /* LetterView.h */ = {isa = PBXFileReference; fileEncoding = 4; lastKnownFileType = sourcecode.c.h; path = LetterView.h; sourceTree = "<group>"; };
		8E7662C91A701D4F006410E7 /* LetterView.m */ = {isa = PBXFileReference; fileEncoding = 4; lastKnownFileType = sourcecode.c.objc; path = LetterView.m; sourceTree = "<group>"; };
		8E7662D41A71F61C006410E7 /* KeyboardKeysController.h */ = {isa = PBXFileReference; fileEncoding = 4; lastKnownFileType = sourcecode.c.h; path = KeyboardKeysController.h; sourceTree = "<group>"; };
		8E7662D51A71F61C006410E7 /* KeyboardKeysController.m */ = {isa = PBXFileReference; fileEncoding = 4; lastKnownFileType = sourcecode.c.objc; path = KeyboardKeysController.m; sourceTree = "<group>"; };
		8E7662D71A71F7BA006410E7 /* KeyboardAuxiliaryController.h */ = {isa = PBXFileReference; fileEncoding = 4; lastKnownFileType = sourcecode.c.h; path = KeyboardAuxiliaryController.h; sourceTree = "<group>"; };
		8E7662D81A71F7BA006410E7 /* KeyboardAuxiliaryController.m */ = {isa = PBXFileReference; fileEncoding = 4; lastKnownFileType = sourcecode.c.objc; path = KeyboardAuxiliaryController.m; sourceTree = "<group>"; };
		8E7662DA1A71FF43006410E7 /* KeyboardKeysUtility.h */ = {isa = PBXFileReference; fileEncoding = 4; lastKnownFileType = sourcecode.c.h; path = KeyboardKeysUtility.h; sourceTree = "<group>"; };
		8E7662DB1A71FF43006410E7 /* KeyboardKeysUtility.m */ = {isa = PBXFileReference; fileEncoding = 4; lastKnownFileType = sourcecode.c.objc; path = KeyboardKeysUtility.m; sourceTree = "<group>"; };
		8E7662E61A72212A006410E7 /* LetterViewCollection.h */ = {isa = PBXFileReference; fileEncoding = 4; lastKnownFileType = sourcecode.c.h; path = LetterViewCollection.h; sourceTree = "<group>"; };
		8E7662E71A72212A006410E7 /* LetterViewCollection.m */ = {isa = PBXFileReference; fileEncoding = 4; lastKnownFileType = sourcecode.c.objc; path = LetterViewCollection.m; sourceTree = "<group>"; };
		8EDFB7C41A6B6BBA000AD00A /* SoundBoard.app */ = {isa = PBXFileReference; explicitFileType = wrapper.application; includeInIndex = 0; path = SoundBoard.app; sourceTree = BUILT_PRODUCTS_DIR; };
		8EDFB7C81A6B6BBA000AD00A /* Info.plist */ = {isa = PBXFileReference; lastKnownFileType = text.plist.xml; path = Info.plist; sourceTree = "<group>"; };
		8EDFB7C91A6B6BBA000AD00A /* main.m */ = {isa = PBXFileReference; lastKnownFileType = sourcecode.c.objc; path = main.m; sourceTree = "<group>"; };
		8EDFB7CB1A6B6BBA000AD00A /* AppDelegate.h */ = {isa = PBXFileReference; lastKnownFileType = sourcecode.c.h; path = AppDelegate.h; sourceTree = "<group>"; };
		8EDFB7CC1A6B6BBA000AD00A /* AppDelegate.m */ = {isa = PBXFileReference; lastKnownFileType = sourcecode.c.objc; path = AppDelegate.m; sourceTree = "<group>"; };
		8EDFB7D41A6B6BBA000AD00A /* Images.xcassets */ = {isa = PBXFileReference; lastKnownFileType = folder.assetcatalog; path = Images.xcassets; sourceTree = "<group>"; };
		8EDFB7D71A6B6BBA000AD00A /* Base */ = {isa = PBXFileReference; lastKnownFileType = file.xib; name = Base; path = Base.lproj/LaunchScreen.xib; sourceTree = "<group>"; };
		8EDFB7DD1A6B6BBA000AD00A /* SoundBoardTests.xctest */ = {isa = PBXFileReference; explicitFileType = wrapper.cfbundle; includeInIndex = 0; path = SoundBoardTests.xctest; sourceTree = BUILT_PRODUCTS_DIR; };
		8EDFB7E21A6B6BBA000AD00A /* Info.plist */ = {isa = PBXFileReference; lastKnownFileType = text.plist.xml; path = Info.plist; sourceTree = "<group>"; };
		8EDFB7E31A6B6BBA000AD00A /* SoundBoardTests.m */ = {isa = PBXFileReference; lastKnownFileType = sourcecode.c.objc; path = SoundBoardTests.m; sourceTree = "<group>"; };
		8EDFB7ED1A6B6BFE000AD00A /* HomeViewController.h */ = {isa = PBXFileReference; fileEncoding = 4; lastKnownFileType = sourcecode.c.h; name = HomeViewController.h; path = SoundBoard/HomeViewController.h; sourceTree = "<group>"; };
		8EDFB7EE1A6B6BFE000AD00A /* HomeViewController.m */ = {isa = PBXFileReference; fileEncoding = 4; lastKnownFileType = sourcecode.c.objc; name = HomeViewController.m; path = SoundBoard/HomeViewController.m; sourceTree = "<group>"; };
		8EDFB7EF1A6B6BFE000AD00A /* HomeViewController.xib */ = {isa = PBXFileReference; fileEncoding = 4; lastKnownFileType = file.xib; name = HomeViewController.xib; path = SoundBoard/HomeViewController.xib; sourceTree = "<group>"; };
		8EDFB7F61A6B6E9F000AD00A /* CustomKeyboard.appex */ = {isa = PBXFileReference; explicitFileType = "wrapper.app-extension"; includeInIndex = 0; path = CustomKeyboard.appex; sourceTree = BUILT_PRODUCTS_DIR; };
		8EDFB7F91A6B6E9F000AD00A /* Info.plist */ = {isa = PBXFileReference; lastKnownFileType = text.plist.xml; path = Info.plist; sourceTree = "<group>"; };
		8EDFB7FA1A6B6E9F000AD00A /* KeyboardViewController.h */ = {isa = PBXFileReference; lastKnownFileType = sourcecode.c.h; path = KeyboardViewController.h; sourceTree = "<group>"; };
		8EDFB7FB1A6B6E9F000AD00A /* KeyboardViewController.m */ = {isa = PBXFileReference; lastKnownFileType = sourcecode.c.objc; path = KeyboardViewController.m; sourceTree = "<group>"; };
		8EE949C81A6CA66A0081095D /* SoundBoard.entitlements */ = {isa = PBXFileReference; lastKnownFileType = text.xml; path = SoundBoard.entitlements; sourceTree = "<group>"; };
/* End PBXFileReference section */

/* Begin PBXFrameworksBuildPhase section */
		8EDFB7C11A6B6BBA000AD00A /* Frameworks */ = {
			isa = PBXFrameworksBuildPhase;
			buildActionMask = 2147483647;
			files = (
			);
			runOnlyForDeploymentPostprocessing = 0;
		};
		8EDFB7DA1A6B6BBA000AD00A /* Frameworks */ = {
			isa = PBXFrameworksBuildPhase;
			buildActionMask = 2147483647;
			files = (
			);
			runOnlyForDeploymentPostprocessing = 0;
		};
		8EDFB7F31A6B6E9F000AD00A /* Frameworks */ = {
			isa = PBXFrameworksBuildPhase;
			buildActionMask = 2147483647;
			files = (
			);
			runOnlyForDeploymentPostprocessing = 0;
		};
/* End PBXFrameworksBuildPhase section */

/* Begin PBXGroup section */
		8EDFB7BB1A6B6BBA000AD00A = {
			isa = PBXGroup;
			children = (
				8EDFB7ED1A6B6BFE000AD00A /* HomeViewController.h */,
				8EDFB7EE1A6B6BFE000AD00A /* HomeViewController.m */,
				8EDFB7EF1A6B6BFE000AD00A /* HomeViewController.xib */,
				8EDFB7C61A6B6BBA000AD00A /* SoundBoard */,
				8EDFB7E01A6B6BBA000AD00A /* SoundBoardTests */,
				8EDFB7F71A6B6E9F000AD00A /* CustomKeyboard */,
				8EDFB7C51A6B6BBA000AD00A /* Products */,
			);
			sourceTree = "<group>";
		};
		8EDFB7C51A6B6BBA000AD00A /* Products */ = {
			isa = PBXGroup;
			children = (
				8EDFB7C41A6B6BBA000AD00A /* SoundBoard.app */,
				8EDFB7DD1A6B6BBA000AD00A /* SoundBoardTests.xctest */,
				8EDFB7F61A6B6E9F000AD00A /* CustomKeyboard.appex */,
			);
			name = Products;
			sourceTree = "<group>";
		};
		8EDFB7C61A6B6BBA000AD00A /* SoundBoard */ = {
			isa = PBXGroup;
			children = (
				8EE949C81A6CA66A0081095D /* SoundBoard.entitlements */,
				8EDFB7CB1A6B6BBA000AD00A /* AppDelegate.h */,
				8EDFB7CC1A6B6BBA000AD00A /* AppDelegate.m */,
				8EDFB7D41A6B6BBA000AD00A /* Images.xcassets */,
				8EDFB7D61A6B6BBA000AD00A /* LaunchScreen.xib */,
				8EDFB7C71A6B6BBA000AD00A /* Supporting Files */,
			);
			path = SoundBoard;
			sourceTree = "<group>";
		};
		8EDFB7C71A6B6BBA000AD00A /* Supporting Files */ = {
			isa = PBXGroup;
			children = (
				8EDFB7C81A6B6BBA000AD00A /* Info.plist */,
				8EDFB7C91A6B6BBA000AD00A /* main.m */,
			);
			name = "Supporting Files";
			sourceTree = "<group>";
		};
		8EDFB7E01A6B6BBA000AD00A /* SoundBoardTests */ = {
			isa = PBXGroup;
			children = (
				8EDFB7E31A6B6BBA000AD00A /* SoundBoardTests.m */,
				8EDFB7E11A6B6BBA000AD00A /* Supporting Files */,
			);
			path = SoundBoardTests;
			sourceTree = "<group>";
		};
		8EDFB7E11A6B6BBA000AD00A /* Supporting Files */ = {
			isa = PBXGroup;
			children = (
				8EDFB7E21A6B6BBA000AD00A /* Info.plist */,
			);
			name = "Supporting Files";
			sourceTree = "<group>";
		};
		8EDFB7F71A6B6E9F000AD00A /* CustomKeyboard */ = {
			isa = PBXGroup;
			children = (
				8EDFB7FA1A6B6E9F000AD00A /* KeyboardViewController.h */,
				8EDFB7FB1A6B6E9F000AD00A /* KeyboardViewController.m */,
				8E7662D41A71F61C006410E7 /* KeyboardKeysController.h */,
				8E7662D51A71F61C006410E7 /* KeyboardKeysController.m */,
				5B537E871A73255C0006AEF8 /* DeleteKeyController.h */,
				5B537E881A73255C0006AEF8 /* DeleteKeyController.m */,
				5B537E8A1A732BFA0006AEF8 /* ShiftSymbolsKeyController.h */,
				5B537E8B1A732BFA0006AEF8 /* ShiftSymbolsKeyController.m */,
				8E7662E61A72212A006410E7 /* LetterViewCollection.h */,
				8E7662E71A72212A006410E7 /* LetterViewCollection.m */,
				8E7662DA1A71FF43006410E7 /* KeyboardKeysUtility.h */,
				8E7662DB1A71FF43006410E7 /* KeyboardKeysUtility.m */,
				8E7662D71A71F7BA006410E7 /* KeyboardAuxiliaryController.h */,
				8E7662D81A71F7BA006410E7 /* KeyboardAuxiliaryController.m */,
				8E7662C81A701D4F006410E7 /* LetterView.h */,
				8E7662C91A701D4F006410E7 /* LetterView.m */,
				5B2534601A72BC3000384E69 /* KeyboardLetterLayer.h */,
				5B2534611A72BC3000384E69 /* KeyboardLetterLayer.m */,
				8EDFB7F81A6B6E9F000AD00A /* Supporting Files */,
			);
			path = CustomKeyboard;
			sourceTree = "<group>";
		};
		8EDFB7F81A6B6E9F000AD00A /* Supporting Files */ = {
			isa = PBXGroup;
			children = (
				8EDFB7F91A6B6E9F000AD00A /* Info.plist */,
			);
			name = "Supporting Files";
			sourceTree = "<group>";
		};
/* End PBXGroup section */

/* Begin PBXNativeTarget section */
		8EDFB7C31A6B6BBA000AD00A /* SoundBoard */ = {
			isa = PBXNativeTarget;
			buildConfigurationList = 8EDFB7E71A6B6BBA000AD00A /* Build configuration list for PBXNativeTarget "SoundBoard" */;
			buildPhases = (
				8EDFB7C01A6B6BBA000AD00A /* Sources */,
				8EDFB7C11A6B6BBA000AD00A /* Frameworks */,
				8EDFB7C21A6B6BBA000AD00A /* Resources */,
				8EDFB8031A6B6E9F000AD00A /* Embed App Extensions */,
			);
			buildRules = (
			);
			dependencies = (
				8EDFB7FE1A6B6E9F000AD00A /* PBXTargetDependency */,
			);
			name = SoundBoard;
			productName = SoundBoard;
			productReference = 8EDFB7C41A6B6BBA000AD00A /* SoundBoard.app */;
			productType = "com.apple.product-type.application";
		};
		8EDFB7DC1A6B6BBA000AD00A /* SoundBoardTests */ = {
			isa = PBXNativeTarget;
			buildConfigurationList = 8EDFB7EA1A6B6BBA000AD00A /* Build configuration list for PBXNativeTarget "SoundBoardTests" */;
			buildPhases = (
				8EDFB7D91A6B6BBA000AD00A /* Sources */,
				8EDFB7DA1A6B6BBA000AD00A /* Frameworks */,
				8EDFB7DB1A6B6BBA000AD00A /* Resources */,
			);
			buildRules = (
			);
			dependencies = (
				8EDFB7DF1A6B6BBA000AD00A /* PBXTargetDependency */,
			);
			name = SoundBoardTests;
			productName = SoundBoardTests;
			productReference = 8EDFB7DD1A6B6BBA000AD00A /* SoundBoardTests.xctest */;
			productType = "com.apple.product-type.bundle.unit-test";
		};
		8EDFB7F51A6B6E9F000AD00A /* CustomKeyboard */ = {
			isa = PBXNativeTarget;
			buildConfigurationList = 8EDFB8001A6B6E9F000AD00A /* Build configuration list for PBXNativeTarget "CustomKeyboard" */;
			buildPhases = (
				8EDFB7F21A6B6E9F000AD00A /* Sources */,
				8EDFB7F31A6B6E9F000AD00A /* Frameworks */,
				8EDFB7F41A6B6E9F000AD00A /* Resources */,
			);
			buildRules = (
			);
			dependencies = (
			);
			name = CustomKeyboard;
			productName = CustomKeyboard;
			productReference = 8EDFB7F61A6B6E9F000AD00A /* CustomKeyboard.appex */;
			productType = "com.apple.product-type.app-extension";
		};
/* End PBXNativeTarget section */

/* Begin PBXProject section */
		8EDFB7BC1A6B6BBA000AD00A /* Project object */ = {
			isa = PBXProject;
			attributes = {
				LastUpgradeCheck = 0610;
				ORGANIZATIONNAME = "Pure Virtual Studios, LLC";
				TargetAttributes = {
					8EDFB7C31A6B6BBA000AD00A = {
						CreatedOnToolsVersion = 6.1.1;
						DevelopmentTeam = 49BYD5B64K;
						SystemCapabilities = {
							com.apple.ApplicationGroups.iOS = {
								enabled = 0;
							};
						};
					};
					8EDFB7DC1A6B6BBA000AD00A = {
						CreatedOnToolsVersion = 6.1.1;
						TestTargetID = 8EDFB7C31A6B6BBA000AD00A;
					};
					8EDFB7F51A6B6E9F000AD00A = {
						CreatedOnToolsVersion = 6.1.1;
					};
				};
			};
			buildConfigurationList = 8EDFB7BF1A6B6BBA000AD00A /* Build configuration list for PBXProject "SoundBoard" */;
			compatibilityVersion = "Xcode 3.2";
			developmentRegion = English;
			hasScannedForEncodings = 0;
			knownRegions = (
				en,
				Base,
			);
			mainGroup = 8EDFB7BB1A6B6BBA000AD00A;
			productRefGroup = 8EDFB7C51A6B6BBA000AD00A /* Products */;
			projectDirPath = "";
			projectRoot = "";
			targets = (
				8EDFB7C31A6B6BBA000AD00A /* SoundBoard */,
				8EDFB7DC1A6B6BBA000AD00A /* SoundBoardTests */,
				8EDFB7F51A6B6E9F000AD00A /* CustomKeyboard */,
			);
		};
/* End PBXProject section */

/* Begin PBXResourcesBuildPhase section */
		8EDFB7C21A6B6BBA000AD00A /* Resources */ = {
			isa = PBXResourcesBuildPhase;
			buildActionMask = 2147483647;
			files = (
				8EDFB7D81A6B6BBA000AD00A /* LaunchScreen.xib in Resources */,
				8EDFB7D51A6B6BBA000AD00A /* Images.xcassets in Resources */,
				8EDFB7F11A6B6BFE000AD00A /* HomeViewController.xib in Resources */,
			);
			runOnlyForDeploymentPostprocessing = 0;
		};
		8EDFB7DB1A6B6BBA000AD00A /* Resources */ = {
			isa = PBXResourcesBuildPhase;
			buildActionMask = 2147483647;
			files = (
			);
			runOnlyForDeploymentPostprocessing = 0;
		};
		8EDFB7F41A6B6E9F000AD00A /* Resources */ = {
			isa = PBXResourcesBuildPhase;
			buildActionMask = 2147483647;
			files = (
			);
			runOnlyForDeploymentPostprocessing = 0;
		};
/* End PBXResourcesBuildPhase section */

/* Begin PBXSourcesBuildPhase section */
		8EDFB7C01A6B6BBA000AD00A /* Sources */ = {
			isa = PBXSourcesBuildPhase;
			buildActionMask = 2147483647;
			files = (
				8EDFB7CD1A6B6BBA000AD00A /* AppDelegate.m in Sources */,
				8EDFB7CA1A6B6BBA000AD00A /* main.m in Sources */,
				8EDFB7F01A6B6BFE000AD00A /* HomeViewController.m in Sources */,
			);
			runOnlyForDeploymentPostprocessing = 0;
		};
		8EDFB7D91A6B6BBA000AD00A /* Sources */ = {
			isa = PBXSourcesBuildPhase;
			buildActionMask = 2147483647;
			files = (
				8EDFB7E41A6B6BBA000AD00A /* SoundBoardTests.m in Sources */,
			);
			runOnlyForDeploymentPostprocessing = 0;
		};
		8EDFB7F21A6B6E9F000AD00A /* Sources */ = {
			isa = PBXSourcesBuildPhase;
			buildActionMask = 2147483647;
			files = (
				5B537E891A73255C0006AEF8 /* DeleteKeyController.m in Sources */,
				8E7662DC1A71FF43006410E7 /* KeyboardKeysUtility.m in Sources */,
				8E7662CA1A701D4F006410E7 /* LetterView.m in Sources */,
				8E7662D91A71F7BA006410E7 /* KeyboardAuxiliaryController.m in Sources */,
				5B537E8C1A732BFA0006AEF8 /* ShiftSymbolsKeyController.m in Sources */,
				8EDFB7FC1A6B6E9F000AD00A /* KeyboardViewController.m in Sources */,
				8E7662D61A71F61C006410E7 /* KeyboardKeysController.m in Sources */,
				5B2534621A72BC3000384E69 /* KeyboardLetterLayer.m in Sources */,
				8E7662E81A72212A006410E7 /* LetterViewCollection.m in Sources */,
			);
			runOnlyForDeploymentPostprocessing = 0;
		};
/* End PBXSourcesBuildPhase section */

/* Begin PBXTargetDependency section */
		8EDFB7DF1A6B6BBA000AD00A /* PBXTargetDependency */ = {
			isa = PBXTargetDependency;
			target = 8EDFB7C31A6B6BBA000AD00A /* SoundBoard */;
			targetProxy = 8EDFB7DE1A6B6BBA000AD00A /* PBXContainerItemProxy */;
		};
		8EDFB7FE1A6B6E9F000AD00A /* PBXTargetDependency */ = {
			isa = PBXTargetDependency;
			target = 8EDFB7F51A6B6E9F000AD00A /* CustomKeyboard */;
			targetProxy = 8EDFB7FD1A6B6E9F000AD00A /* PBXContainerItemProxy */;
		};
/* End PBXTargetDependency section */

/* Begin PBXVariantGroup section */
		8EDFB7D61A6B6BBA000AD00A /* LaunchScreen.xib */ = {
			isa = PBXVariantGroup;
			children = (
				8EDFB7D71A6B6BBA000AD00A /* Base */,
			);
			name = LaunchScreen.xib;
			sourceTree = "<group>";
		};
/* End PBXVariantGroup section */

/* Begin XCBuildConfiguration section */
		8EDFB7E51A6B6BBA000AD00A /* Debug */ = {
			isa = XCBuildConfiguration;
			buildSettings = {
				ALWAYS_SEARCH_USER_PATHS = NO;
				CLANG_CXX_LANGUAGE_STANDARD = "gnu++0x";
				CLANG_CXX_LIBRARY = "libc++";
				CLANG_ENABLE_MODULES = YES;
				CLANG_ENABLE_OBJC_ARC = YES;
				CLANG_WARN_BOOL_CONVERSION = YES;
				CLANG_WARN_CONSTANT_CONVERSION = YES;
				CLANG_WARN_DIRECT_OBJC_ISA_USAGE = YES_ERROR;
				CLANG_WARN_EMPTY_BODY = YES;
				CLANG_WARN_ENUM_CONVERSION = YES;
				CLANG_WARN_INT_CONVERSION = YES;
				CLANG_WARN_OBJC_ROOT_CLASS = YES_ERROR;
				CLANG_WARN_UNREACHABLE_CODE = YES;
				CLANG_WARN__DUPLICATE_METHOD_MATCH = YES;
				"CODE_SIGN_IDENTITY[sdk=iphoneos*]" = "iPhone Developer";
				COPY_PHASE_STRIP = NO;
				ENABLE_STRICT_OBJC_MSGSEND = YES;
				GCC_C_LANGUAGE_STANDARD = gnu99;
				GCC_DYNAMIC_NO_PIC = NO;
				GCC_OPTIMIZATION_LEVEL = 0;
				GCC_PREPROCESSOR_DEFINITIONS = (
					"DEBUG=1",
					"$(inherited)",
				);
				GCC_SYMBOLS_PRIVATE_EXTERN = NO;
				GCC_WARN_64_TO_32_BIT_CONVERSION = YES;
				GCC_WARN_ABOUT_RETURN_TYPE = YES_ERROR;
				GCC_WARN_UNDECLARED_SELECTOR = YES;
				GCC_WARN_UNINITIALIZED_AUTOS = YES_AGGRESSIVE;
				GCC_WARN_UNUSED_FUNCTION = YES;
				GCC_WARN_UNUSED_VARIABLE = YES;
				IPHONEOS_DEPLOYMENT_TARGET = 8.1;
				MTL_ENABLE_DEBUG_INFO = YES;
				ONLY_ACTIVE_ARCH = YES;
				SDKROOT = iphoneos;
				TARGETED_DEVICE_FAMILY = "1,2";
			};
			name = Debug;
		};
		8EDFB7E61A6B6BBA000AD00A /* Release */ = {
			isa = XCBuildConfiguration;
			buildSettings = {
				ALWAYS_SEARCH_USER_PATHS = NO;
				CLANG_CXX_LANGUAGE_STANDARD = "gnu++0x";
				CLANG_CXX_LIBRARY = "libc++";
				CLANG_ENABLE_MODULES = YES;
				CLANG_ENABLE_OBJC_ARC = YES;
				CLANG_WARN_BOOL_CONVERSION = YES;
				CLANG_WARN_CONSTANT_CONVERSION = YES;
				CLANG_WARN_DIRECT_OBJC_ISA_USAGE = YES_ERROR;
				CLANG_WARN_EMPTY_BODY = YES;
				CLANG_WARN_ENUM_CONVERSION = YES;
				CLANG_WARN_INT_CONVERSION = YES;
				CLANG_WARN_OBJC_ROOT_CLASS = YES_ERROR;
				CLANG_WARN_UNREACHABLE_CODE = YES;
				CLANG_WARN__DUPLICATE_METHOD_MATCH = YES;
				"CODE_SIGN_IDENTITY[sdk=iphoneos*]" = "iPhone Developer";
				COPY_PHASE_STRIP = YES;
				ENABLE_NS_ASSERTIONS = NO;
				ENABLE_STRICT_OBJC_MSGSEND = YES;
				GCC_C_LANGUAGE_STANDARD = gnu99;
				GCC_WARN_64_TO_32_BIT_CONVERSION = YES;
				GCC_WARN_ABOUT_RETURN_TYPE = YES_ERROR;
				GCC_WARN_UNDECLARED_SELECTOR = YES;
				GCC_WARN_UNINITIALIZED_AUTOS = YES_AGGRESSIVE;
				GCC_WARN_UNUSED_FUNCTION = YES;
				GCC_WARN_UNUSED_VARIABLE = YES;
				IPHONEOS_DEPLOYMENT_TARGET = 8.1;
				MTL_ENABLE_DEBUG_INFO = NO;
				SDKROOT = iphoneos;
				TARGETED_DEVICE_FAMILY = "1,2";
				VALIDATE_PRODUCT = YES;
			};
			name = Release;
		};
		8EDFB7E81A6B6BBA000AD00A /* Debug */ = {
			isa = XCBuildConfiguration;
			buildSettings = {
				ASSETCATALOG_COMPILER_APPICON_NAME = AppIcon;
				CODE_SIGN_ENTITLEMENTS = SoundBoard/SoundBoard.entitlements;
				CODE_SIGN_IDENTITY = "iPhone Developer";
				"CODE_SIGN_IDENTITY[sdk=iphoneos*]" = "iPhone Developer";
				INFOPLIST_FILE = SoundBoard/Info.plist;
				LD_RUNPATH_SEARCH_PATHS = "$(inherited) @executable_path/Frameworks";
				PRODUCT_NAME = "$(TARGET_NAME)";
				PROVISIONING_PROFILE = "";
			};
			name = Debug;
		};
		8EDFB7E91A6B6BBA000AD00A /* Release */ = {
			isa = XCBuildConfiguration;
			buildSettings = {
				ASSETCATALOG_COMPILER_APPICON_NAME = AppIcon;
				CODE_SIGN_ENTITLEMENTS = SoundBoard/SoundBoard.entitlements;
				CODE_SIGN_IDENTITY = "iPhone Developer";
				"CODE_SIGN_IDENTITY[sdk=iphoneos*]" = "iPhone Developer";
				INFOPLIST_FILE = SoundBoard/Info.plist;
				LD_RUNPATH_SEARCH_PATHS = "$(inherited) @executable_path/Frameworks";
				PRODUCT_NAME = "$(TARGET_NAME)";
				PROVISIONING_PROFILE = "";
			};
			name = Release;
		};
		8EDFB7EB1A6B6BBA000AD00A /* Debug */ = {
			isa = XCBuildConfiguration;
			buildSettings = {
				BUNDLE_LOADER = "$(TEST_HOST)";
				FRAMEWORK_SEARCH_PATHS = (
					"$(SDKROOT)/Developer/Library/Frameworks",
					"$(inherited)",
				);
				GCC_PREPROCESSOR_DEFINITIONS = (
					"DEBUG=1",
					"$(inherited)",
				);
				INFOPLIST_FILE = SoundBoardTests/Info.plist;
				LD_RUNPATH_SEARCH_PATHS = "$(inherited) @executable_path/Frameworks @loader_path/Frameworks";
				PRODUCT_NAME = "$(TARGET_NAME)";
				TEST_HOST = "$(BUILT_PRODUCTS_DIR)/SoundBoard.app/SoundBoard";
			};
			name = Debug;
		};
		8EDFB7EC1A6B6BBA000AD00A /* Release */ = {
			isa = XCBuildConfiguration;
			buildSettings = {
				BUNDLE_LOADER = "$(TEST_HOST)";
				FRAMEWORK_SEARCH_PATHS = (
					"$(SDKROOT)/Developer/Library/Frameworks",
					"$(inherited)",
				);
				INFOPLIST_FILE = SoundBoardTests/Info.plist;
				LD_RUNPATH_SEARCH_PATHS = "$(inherited) @executable_path/Frameworks @loader_path/Frameworks";
				PRODUCT_NAME = "$(TARGET_NAME)";
				TEST_HOST = "$(BUILT_PRODUCTS_DIR)/SoundBoard.app/SoundBoard";
			};
			name = Release;
		};
		8EDFB8011A6B6E9F000AD00A /* Debug */ = {
			isa = XCBuildConfiguration;
			buildSettings = {
				GCC_PREPROCESSOR_DEFINITIONS = (
					"DEBUG=1",
					"$(inherited)",
				);
				INFOPLIST_FILE = CustomKeyboard/Info.plist;
				LD_RUNPATH_SEARCH_PATHS = "$(inherited) @executable_path/Frameworks @executable_path/../../Frameworks";
				PRODUCT_NAME = "$(TARGET_NAME)";
				SKIP_INSTALL = YES;
			};
			name = Debug;
		};
		8EDFB8021A6B6E9F000AD00A /* Release */ = {
			isa = XCBuildConfiguration;
			buildSettings = {
				INFOPLIST_FILE = CustomKeyboard/Info.plist;
				LD_RUNPATH_SEARCH_PATHS = "$(inherited) @executable_path/Frameworks @executable_path/../../Frameworks";
				PRODUCT_NAME = "$(TARGET_NAME)";
				SKIP_INSTALL = YES;
			};
			name = Release;
		};
/* End XCBuildConfiguration section */

/* Begin XCConfigurationList section */
		8EDFB7BF1A6B6BBA000AD00A /* Build configuration list for PBXProject "SoundBoard" */ = {
			isa = XCConfigurationList;
			buildConfigurations = (
				8EDFB7E51A6B6BBA000AD00A /* Debug */,
				8EDFB7E61A6B6BBA000AD00A /* Release */,
			);
			defaultConfigurationIsVisible = 0;
			defaultConfigurationName = Release;
		};
		8EDFB7E71A6B6BBA000AD00A /* Build configuration list for PBXNativeTarget "SoundBoard" */ = {
			isa = XCConfigurationList;
			buildConfigurations = (
				8EDFB7E81A6B6BBA000AD00A /* Debug */,
				8EDFB7E91A6B6BBA000AD00A /* Release */,
			);
			defaultConfigurationIsVisible = 0;
			defaultConfigurationName = Release;
		};
		8EDFB7EA1A6B6BBA000AD00A /* Build configuration list for PBXNativeTarget "SoundBoardTests" */ = {
			isa = XCConfigurationList;
			buildConfigurations = (
				8EDFB7EB1A6B6BBA000AD00A /* Debug */,
				8EDFB7EC1A6B6BBA000AD00A /* Release */,
			);
			defaultConfigurationIsVisible = 0;
			defaultConfigurationName = Release;
		};
		8EDFB8001A6B6E9F000AD00A /* Build configuration list for PBXNativeTarget "CustomKeyboard" */ = {
			isa = XCConfigurationList;
			buildConfigurations = (
				8EDFB8011A6B6E9F000AD00A /* Debug */,
				8EDFB8021A6B6E9F000AD00A /* Release */,
			);
			defaultConfigurationIsVisible = 0;
			defaultConfigurationName = Release;
		};
/* End XCConfigurationList section */
	};
	rootObject = 8EDFB7BC1A6B6BBA000AD00A /* Project object */;
}
